
Microsoft Visual Studio Solution File, Format Version 12.00
# Visual Studio Version 17
VisualStudioVersion = 17.8.34511.84
MinimumVisualStudioVersion = 10.0.40219.1
Project("{FAE04EC0-301F-11D3-BF4B-00C04F79EFBC}") = "Ultra Bigger Calcuator", "Ultra Bigger Calcuator.csproj", "{9ACD3ED3-6B0A-4FE3-B67B-C367D4AC23FA}"
EndProject
Global
	GlobalSection(SolutionConfigurationPlatforms) = preSolution
		Debug|Any CPU = Debug|Any CPU
		Release|Any CPU = Release|Any CPU
	EndGlobalSection
	GlobalSection(ProjectConfigurationPlatforms) = postSolution
		{9ACD3ED3-6B0A-4FE3-B67B-C367D4AC23FA}.Debug|Any CPU.ActiveCfg = Debug|Any CPU
		{9ACD3ED3-6B0A-4FE3-B67B-C367D4AC23FA}.Debug|Any CPU.Build.0 = Debug|Any CPU
		{9ACD3ED3-6B0A-4FE3-B67B-C367D4AC23FA}.Release|Any CPU.ActiveCfg = Release|Any CPU
		{9ACD3ED3-6B0A-4FE3-B67B-C367D4AC23FA}.Release|Any CPU.Build.0 = Release|Any CPU
	EndGlobalSection
	GlobalSection(SolutionProperties) = preSolution
		HideSolutionNode = FALSE
	EndGlobalSection
	GlobalSection(ExtensibilityGlobals) = postSolution
		SolutionGuid = {B104B244-2590-438B-B82B-9EB0584576F9}
	EndGlobalSection
EndGlobal
